
Microsoft Visual Studio Solution File, Format Version 11.00
# Visual Studio 2010
Project("{FAE04EC0-301F-11D3-BF4B-00C04F79EFBC}") = "Assembly-CSharp", "Assembly-CSharp.csproj", "{1035924e-a061-3bde-b71c-0cebda2ccd37}"
EndProject
Project("{FAE04EC0-301F-11D3-BF4B-00C04F79EFBC}") = "Assembly-CSharp-Editor", "Assembly-CSharp-Editor.csproj", "{ba8d2584-f429-381f-9dda-85b03267d0dc}"
EndProject
Global
	GlobalSection(SolutionConfigurationPlatforms) = preSolution
		Debug|Any CPU = Debug|Any CPU
		Release|Any CPU = Release|Any CPU
	EndGlobalSection
	GlobalSection(ProjectConfigurationPlatforms) = postSolution
		{1035924e-a061-3bde-b71c-0cebda2ccd37}.Debug|Any CPU.ActiveCfg = Debug|Any CPU
		{1035924e-a061-3bde-b71c-0cebda2ccd37}.Debug|Any CPU.Build.0 = Debug|Any CPU
		{1035924e-a061-3bde-b71c-0cebda2ccd37}.Release|Any CPU.ActiveCfg = Release|Any CPU
		{1035924e-a061-3bde-b71c-0cebda2ccd37}.Release|Any CPU.Build.0 = Release|Any CPU
		{ba8d2584-f429-381f-9dda-85b03267d0dc}.Debug|Any CPU.ActiveCfg = Debug|Any CPU
		{ba8d2584-f429-381f-9dda-85b03267d0dc}.Debug|Any CPU.Build.0 = Debug|Any CPU
		{ba8d2584-f429-381f-9dda-85b03267d0dc}.Release|Any CPU.ActiveCfg = Release|Any CPU
		{ba8d2584-f429-381f-9dda-85b03267d0dc}.Release|Any CPU.Build.0 = Release|Any CPU
	EndGlobalSection
	GlobalSection(SolutionProperties) = preSolution
		HideSolutionNode = FALSE
	EndGlobalSection
EndGlobal
